
Microsoft Visual Studio Solution File, Format Version 12.00
# Visual Studio Version 17
VisualStudioVersion = 17.9.34622.214
MinimumVisualStudioVersion = 10.0.40219.1
Project("{FAE04EC0-301F-11D3-BF4B-00C04F79EFBC}") = "영화관 키오스크 롯데시네마 키오스크 구현하기(디자인 제외)", "영화관 키오스크 CGV 키오스크 미믹 5번째 db 따로 뽑기\영화관 키오스크 롯데시네마 키오스크 구현하기(디자인 제외).csproj", "{653C24A9-C471-43EA-9E6F-7030CFE10D7F}"
EndProject
Global
	GlobalSection(SolutionConfigurationPlatforms) = preSolution
		Debug|Any CPU = Debug|Any CPU
		Debug|x64 = Debug|x64
		Release|Any CPU = Release|Any CPU
		Release|x64 = Release|x64
	EndGlobalSection
	GlobalSection(ProjectConfigurationPlatforms) = postSolution
		{653C24A9-C471-43EA-9E6F-7030CFE10D7F}.Debug|Any CPU.ActiveCfg = Debug|Any CPU
		{653C24A9-C471-43EA-9E6F-7030CFE10D7F}.Debug|Any CPU.Build.0 = Debug|Any CPU
		{653C24A9-C471-43EA-9E6F-7030CFE10D7F}.Debug|x64.ActiveCfg = Debug|x64
		{653C24A9-C471-43EA-9E6F-7030CFE10D7F}.Debug|x64.Build.0 = Debug|x64
		{653C24A9-C471-43EA-9E6F-7030CFE10D7F}.Release|Any CPU.ActiveCfg = Release|Any CPU
		{653C24A9-C471-43EA-9E6F-7030CFE10D7F}.Release|Any CPU.Build.0 = Release|Any CPU
		{653C24A9-C471-43EA-9E6F-7030CFE10D7F}.Release|x64.ActiveCfg = Release|x64
		{653C24A9-C471-43EA-9E6F-7030CFE10D7F}.Release|x64.Build.0 = Release|x64
	EndGlobalSection
	GlobalSection(SolutionProperties) = preSolution
		HideSolutionNode = FALSE
	EndGlobalSection
	GlobalSection(ExtensibilityGlobals) = postSolution
		SolutionGuid = {0F4A57FC-4EDF-48D5-9AD9-3544E19C5425}
	EndGlobalSection
EndGlobal
